
Microsoft Visual Studio Solution File, Format Version 12.00
# Visual Studio Version 16
VisualStudioVersion = 16.0.29102.190
MinimumVisualStudioVersion = 10.0.40219.1
Project("{FAE04EC0-301F-11D3-BF4B-00C04F79EFBC}") = "7.gyak", "7.gyak.csproj", "{E36ADCAC-1AC8-4526-BD96-B13937E84134}"
EndProject
Global
	GlobalSection(SolutionConfigurationPlatforms) = preSolution
		Debug|Any CPU = Debug|Any CPU
		Release|Any CPU = Release|Any CPU
	EndGlobalSection
	GlobalSection(ProjectConfigurationPlatforms) = postSolution
		{E36ADCAC-1AC8-4526-BD96-B13937E84134}.Debug|Any CPU.ActiveCfg = Debug|Any CPU
		{E36ADCAC-1AC8-4526-BD96-B13937E84134}.Debug|Any CPU.Build.0 = Debug|Any CPU
		{E36ADCAC-1AC8-4526-BD96-B13937E84134}.Release|Any CPU.ActiveCfg = Release|Any CPU
		{E36ADCAC-1AC8-4526-BD96-B13937E84134}.Release|Any CPU.Build.0 = Release|Any CPU
	EndGlobalSection
	GlobalSection(SolutionProperties) = preSolution
		HideSolutionNode = FALSE
	EndGlobalSection
	GlobalSection(ExtensibilityGlobals) = postSolution
		SolutionGuid = {050DDB46-BA06-46DB-8260-B03AA63B4442}
	EndGlobalSection
EndGlobal
